// !$*UTF8*$!
{
	archiveVersion = 1;
	classes = {
	};
	objectVersion = 50;
	objects = {

/* Begin PBXBuildFile section */
		7027317E2684D5BE00D0DED0 /* FructusApp.swift in Sources */ = {isa = PBXBuildFile; fileRef = 7027317D2684D5BE00D0DED0 /* FructusApp.swift */; };
		702731802684D5BE00D0DED0 /* ContentView.swift in Sources */ = {isa = PBXBuildFile; fileRef = 7027317F2684D5BE00D0DED0 /* ContentView.swift */; };
		702731822684D5C000D0DED0 /* Assets.xcassets in Resources */ = {isa = PBXBuildFile; fileRef = 702731812684D5C000D0DED0 /* Assets.xcassets */; };
		702731852684D5C000D0DED0 /* Preview Assets.xcassets in Resources */ = {isa = PBXBuildFile; fileRef = 702731842684D5C000D0DED0 /* Preview Assets.xcassets */; };
		7027318F2684F08100D0DED0 /* FruitCardView.swift in Sources */ = {isa = PBXBuildFile; fileRef = 7027318E2684F08100D0DED0 /* FruitCardView.swift */; };
		702731912684F3AD00D0DED0 /* StartButtonView.swift in Sources */ = {isa = PBXBuildFile; fileRef = 702731902684F3AD00D0DED0 /* StartButtonView.swift */; };
		702731932684F64500D0DED0 /* OnboardingView.swift in Sources */ = {isa = PBXBuildFile; fileRef = 702731922684F64500D0DED0 /* OnboardingView.swift */; };
		702731962684FB2200D0DED0 /* FruitModel.swift in Sources */ = {isa = PBXBuildFile; fileRef = 702731952684FB2200D0DED0 /* FruitModel.swift */; };
		702731992684FC4400D0DED0 /* FruitData.swift in Sources */ = {isa = PBXBuildFile; fileRef = 702731982684FC4400D0DED0 /* FruitData.swift */; };
		7027319B26850CB100D0DED0 /* FruitRowView.swift in Sources */ = {isa = PBXBuildFile; fileRef = 7027319A26850CB100D0DED0 /* FruitRowView.swift */; };
		7027319D2685104C00D0DED0 /* FruitDetailView.swift in Sources */ = {isa = PBXBuildFile; fileRef = 7027319C2685104C00D0DED0 /* FruitDetailView.swift */; };
		7027319F2685136D00D0DED0 /* FruitHeaderView.swift in Sources */ = {isa = PBXBuildFile; fileRef = 7027319E2685136D00D0DED0 /* FruitHeaderView.swift */; };
		702731A1268515F800D0DED0 /* SourceLinkView.swift in Sources */ = {isa = PBXBuildFile; fileRef = 702731A0268515F800D0DED0 /* SourceLinkView.swift */; };
		702731A3268535AD00D0DED0 /* FruitNutrientsView.swift in Sources */ = {isa = PBXBuildFile; fileRef = 702731A2268535AD00D0DED0 /* FruitNutrientsView.swift */; };
		702731A5268539FC00D0DED0 /* SettingsView.swift in Sources */ = {isa = PBXBuildFile; fileRef = 702731A4268539FC00D0DED0 /* SettingsView.swift */; };
		702731A72685669900D0DED0 /* SettingsLabelView.swift in Sources */ = {isa = PBXBuildFile; fileRef = 702731A62685669900D0DED0 /* SettingsLabelView.swift */; };
		702731A92685682900D0DED0 /* SettingsRowView.swift in Sources */ = {isa = PBXBuildFile; fileRef = 702731A82685682900D0DED0 /* SettingsRowView.swift */; };
/* End PBXBuildFile section */

/* Begin PBXFileReference section */
		7027317A2684D5BE00D0DED0 /* Fructus.app */ = {isa = PBXFileReference; explicitFileType = wrapper.application; includeInIndex = 0; path = Fructus.app; sourceTree = BUILT_PRODUCTS_DIR; };
		7027317D2684D5BE00D0DED0 /* FructusApp.swift */ = {isa = PBXFileReference; lastKnownFileType = sourcecode.swift; path = FructusApp.swift; sourceTree = "<group>"; };
		7027317F2684D5BE00D0DED0 /* ContentView.swift */ = {isa = PBXFileReference; lastKnownFileType = sourcecode.swift; path = ContentView.swift; sourceTree = "<group>"; };
		702731812684D5C000D0DED0 /* Assets.xcassets */ = {isa = PBXFileReference; lastKnownFileType = folder.assetcatalog; path = Assets.xcassets; sourceTree = "<group>"; };
		702731842684D5C000D0DED0 /* Preview Assets.xcassets */ = {isa = PBXFileReference; lastKnownFileType = folder.assetcatalog; path = "Preview Assets.xcassets"; sourceTree = "<group>"; };
		702731862684D5C000D0DED0 /* Info.plist */ = {isa = PBXFileReference; lastKnownFileType = text.plist.xml; path = Info.plist; sourceTree = "<group>"; };
		7027318E2684F08100D0DED0 /* FruitCardView.swift */ = {isa = PBXFileReference; lastKnownFileType = sourcecode.swift; path = FruitCardView.swift; sourceTree = "<group>"; };
		702731902684F3AD00D0DED0 /* StartButtonView.swift */ = {isa = PBXFileReference; lastKnownFileType = sourcecode.swift; path = StartButtonView.swift; sourceTree = "<group>"; };
		702731922684F64500D0DED0 /* OnboardingView.swift */ = {isa = PBXFileReference; lastKnownFileType = sourcecode.swift; path = OnboardingView.swift; sourceTree = "<group>"; };
		702731952684FB2200D0DED0 /* FruitModel.swift */ = {isa = PBXFileReference; lastKnownFileType = sourcecode.swift; path = FruitModel.swift; sourceTree = "<group>"; };
		702731982684FC4400D0DED0 /* FruitData.swift */ = {isa = PBXFileReference; lastKnownFileType = sourcecode.swift; path = FruitData.swift; sourceTree = "<group>"; };
		7027319A26850CB100D0DED0 /* FruitRowView.swift */ = {isa = PBXFileReference; lastKnownFileType = sourcecode.swift; path = FruitRowView.swift; sourceTree = "<group>"; };
		7027319C2685104C00D0DED0 /* FruitDetailView.swift */ = {isa = PBXFileReference; lastKnownFileType = sourcecode.swift; path = FruitDetailView.swift; sourceTree = "<group>"; };
		7027319E2685136D00D0DED0 /* FruitHeaderView.swift */ = {isa = PBXFileReference; lastKnownFileType = sourcecode.swift; path = FruitHeaderView.swift; sourceTree = "<group>"; };
		702731A0268515F800D0DED0 /* SourceLinkView.swift */ = {isa = PBXFileReference; lastKnownFileType = sourcecode.swift; path = SourceLinkView.swift; sourceTree = "<group>"; };
		702731A2268535AD00D0DED0 /* FruitNutrientsView.swift */ = {isa = PBXFileReference; lastKnownFileType = sourcecode.swift; path = FruitNutrientsView.swift; sourceTree = "<group>"; };
		702731A4268539FC00D0DED0 /* SettingsView.swift */ = {isa = PBXFileReference; lastKnownFileType = sourcecode.swift; path = SettingsView.swift; sourceTree = "<group>"; };
		702731A62685669900D0DED0 /* SettingsLabelView.swift */ = {isa = PBXFileReference; lastKnownFileType = sourcecode.swift; path = SettingsLabelView.swift; sourceTree = "<group>"; };
		702731A82685682900D0DED0 /* SettingsRowView.swift */ = {isa = PBXFileReference; lastKnownFileType = sourcecode.swift; path = SettingsRowView.swift; sourceTree = "<group>"; };
/* End PBXFileReference section */

/* Begin PBXFrameworksBuildPhase section */
		702731772684D5BE00D0DED0 /* Frameworks */ = {
			isa = PBXFrameworksBuildPhase;
			buildActionMask = 2147483647;
			files = (
			);
			runOnlyForDeploymentPostprocessing = 0;
		};
/* End PBXFrameworksBuildPhase section */

/* Begin PBXGroup section */
		702731712684D5BE00D0DED0 = {
			isa = PBXGroup;
			children = (
				7027317C2684D5BE00D0DED0 /* Fructus */,
				7027317B2684D5BE00D0DED0 /* Products */,
			);
			sourceTree = "<group>";
		};
		7027317B2684D5BE00D0DED0 /* Products */ = {
			isa = PBXGroup;
			children = (
				7027317A2684D5BE00D0DED0 /* Fructus.app */,
			);
			name = Products;
			sourceTree = "<group>";
		};
		7027317C2684D5BE00D0DED0 /* Fructus */ = {
			isa = PBXGroup;
			children = (
				702731972684FC3100D0DED0 /* Data */,
				702731942684FB0800D0DED0 /* Model */,
				7027318D2684F05300D0DED0 /* View */,
				7027318C2684F02500D0DED0 /* App */,
				702731812684D5C000D0DED0 /* Assets.xcassets */,
				702731862684D5C000D0DED0 /* Info.plist */,
				702731832684D5C000D0DED0 /* Preview Content */,
			);
			path = Fructus;
			sourceTree = "<group>";
		};
		702731832684D5C000D0DED0 /* Preview Content */ = {
			isa = PBXGroup;
			children = (
				702731842684D5C000D0DED0 /* Preview Assets.xcassets */,
			);
			path = "Preview Content";
			sourceTree = "<group>";
		};
		7027318C2684F02500D0DED0 /* App */ = {
			isa = PBXGroup;
			children = (
				7027317D2684D5BE00D0DED0 /* FructusApp.swift */,
				7027317F2684D5BE00D0DED0 /* ContentView.swift */,
				702731922684F64500D0DED0 /* OnboardingView.swift */,
				7027319C2685104C00D0DED0 /* FruitDetailView.swift */,
				702731A4268539FC00D0DED0 /* SettingsView.swift */,
			);
			path = App;
			sourceTree = "<group>";
		};
		7027318D2684F05300D0DED0 /* View */ = {
			isa = PBXGroup;
			children = (
				7027318E2684F08100D0DED0 /* FruitCardView.swift */,
				702731902684F3AD00D0DED0 /* StartButtonView.swift */,
				7027319A26850CB100D0DED0 /* FruitRowView.swift */,
				7027319E2685136D00D0DED0 /* FruitHeaderView.swift */,
				702731A0268515F800D0DED0 /* SourceLinkView.swift */,
				702731A2268535AD00D0DED0 /* FruitNutrientsView.swift */,
				702731A62685669900D0DED0 /* SettingsLabelView.swift */,
				702731A82685682900D0DED0 /* SettingsRowView.swift */,
			);
			path = View;
			sourceTree = "<group>";
		};
		702731942684FB0800D0DED0 /* Model */ = {
			isa = PBXGroup;
			children = (
				702731952684FB2200D0DED0 /* FruitModel.swift */,
			);
			path = Model;
			sourceTree = "<group>";
		};
		702731972684FC3100D0DED0 /* Data */ = {
			isa = PBXGroup;
			children = (
				702731982684FC4400D0DED0 /* FruitData.swift */,
			);
			path = Data;
			sourceTree = "<group>";
		};
/* End PBXGroup section */

/* Begin PBXNativeTarget section */
		702731792684D5BE00D0DED0 /* Fructus */ = {
			isa = PBXNativeTarget;
			buildConfigurationList = 702731892684D5C000D0DED0 /* Build configuration list for PBXNativeTarget "Fructus" */;
			buildPhases = (
				702731762684D5BE00D0DED0 /* Sources */,
				702731772684D5BE00D0DED0 /* Frameworks */,
				702731782684D5BE00D0DED0 /* Resources */,
			);
			buildRules = (
			);
			dependencies = (
			);
			name = Fructus;
			productName = Fructus;
			productReference = 7027317A2684D5BE00D0DED0 /* Fructus.app */;
			productType = "com.apple.product-type.application";
		};
/* End PBXNativeTarget section */

/* Begin PBXProject section */
		702731722684D5BE00D0DED0 /* Project object */ = {
			isa = PBXProject;
			attributes = {
				LastSwiftUpdateCheck = 1250;
				LastUpgradeCheck = 1250;
				TargetAttributes = {
					702731792684D5BE00D0DED0 = {
						CreatedOnToolsVersion = 12.5.1;
					};
				};
			};
			buildConfigurationList = 702731752684D5BE00D0DED0 /* Build configuration list for PBXProject "Fructus" */;
			compatibilityVersion = "Xcode 9.3";
			developmentRegion = en;
			hasScannedForEncodings = 0;
			knownRegions = (
				en,
				Base,
			);
			mainGroup = 702731712684D5BE00D0DED0;
			productRefGroup = 7027317B2684D5BE00D0DED0 /* Products */;
			projectDirPath = "";
			projectRoot = "";
			targets = (
				702731792684D5BE00D0DED0 /* Fructus */,
			);
		};
/* End PBXProject section */

/* Begin PBXResourcesBuildPhase section */
		702731782684D5BE00D0DED0 /* Resources */ = {
			isa = PBXResourcesBuildPhase;
			buildActionMask = 2147483647;
			files = (
				702731852684D5C000D0DED0 /* Preview Assets.xcassets in Resources */,
				702731822684D5C000D0DED0 /* Assets.xcassets in Resources */,
			);
			runOnlyForDeploymentPostprocessing = 0;
		};
/* End PBXResourcesBuildPhase section */

/* Begin PBXSourcesBuildPhase section */
		702731762684D5BE00D0DED0 /* Sources */ = {
			isa = PBXSourcesBuildPhase;
			buildActionMask = 2147483647;
			files = (
				702731992684FC4400D0DED0 /* FruitData.swift in Sources */,
				702731A1268515F800D0DED0 /* SourceLinkView.swift in Sources */,
				702731A92685682900D0DED0 /* SettingsRowView.swift in Sources */,
				7027318F2684F08100D0DED0 /* FruitCardView.swift in Sources */,
				7027319B26850CB100D0DED0 /* FruitRowView.swift in Sources */,
				702731A3268535AD00D0DED0 /* FruitNutrientsView.swift in Sources */,
				702731912684F3AD00D0DED0 /* StartButtonView.swift in Sources */,
				7027319D2685104C00D0DED0 /* FruitDetailView.swift in Sources */,
				702731802684D5BE00D0DED0 /* ContentView.swift in Sources */,
				7027319F2685136D00D0DED0 /* FruitHeaderView.swift in Sources */,
				702731932684F64500D0DED0 /* OnboardingView.swift in Sources */,
				702731A72685669900D0DED0 /* SettingsLabelView.swift in Sources */,
				702731962684FB2200D0DED0 /* FruitModel.swift in Sources */,
				7027317E2684D5BE00D0DED0 /* FructusApp.swift in Sources */,
				702731A5268539FC00D0DED0 /* SettingsView.swift in Sources */,
			);
			runOnlyForDeploymentPostprocessing = 0;
		};
/* End PBXSourcesBuildPhase section */

/* Begin XCBuildConfiguration section */
		702731872684D5C000D0DED0 /* Debug */ = {
			isa = XCBuildConfiguration;
			buildSettings = {
				ALWAYS_SEARCH_USER_PATHS = NO;
				CLANG_ANALYZER_NONNULL = YES;
				CLANG_ANALYZER_NUMBER_OBJECT_CONVERSION = YES_AGGRESSIVE;
				CLANG_CXX_LANGUAGE_STANDARD = "gnu++14";
				CLANG_CXX_LIBRARY = "libc++";
				CLANG_ENABLE_MODULES = YES;
				CLANG_ENABLE_OBJC_ARC = YES;
				CLANG_ENABLE_OBJC_WEAK = YES;
				CLANG_WARN_BLOCK_CAPTURE_AUTORELEASING = YES;
				CLANG_WARN_BOOL_CONVERSION = YES;
				CLANG_WARN_COMMA = YES;
				CLANG_WARN_CONSTANT_CONVERSION = YES;
				CLANG_WARN_DEPRECATED_OBJC_IMPLEMENTATIONS = YES;
				CLANG_WARN_DIRECT_OBJC_ISA_USAGE = YES_ERROR;
				CLANG_WARN_DOCUMENTATION_COMMENTS = YES;
				CLANG_WARN_EMPTY_BODY = YES;
				CLANG_WARN_ENUM_CONVERSION = YES;
				CLANG_WARN_INFINITE_RECURSION = YES;
				CLANG_WARN_INT_CONVERSION = YES;
				CLANG_WARN_NON_LITERAL_NULL_CONVERSION = YES;
				CLANG_WARN_OBJC_IMPLICIT_RETAIN_SELF = YES;
				CLANG_WARN_OBJC_LITERAL_CONVERSION = YES;
				CLANG_WARN_OBJC_ROOT_CLASS = YES_ERROR;
				CLANG_WARN_QUOTED_INCLUDE_IN_FRAMEWORK_HEADER = YES;
				CLANG_WARN_RANGE_LOOP_ANALYSIS = YES;
				CLANG_WARN_STRICT_PROTOTYPES = YES;
				CLANG_WARN_SUSPICIOUS_MOVE = YES;
				CLANG_WARN_UNGUARDED_AVAILABILITY = YES_AGGRESSIVE;
				CLANG_WARN_UNREACHABLE_CODE = YES;
				CLANG_WARN__DUPLICATE_METHOD_MATCH = YES;
				COPY_PHASE_STRIP = NO;
				DEBUG_INFORMATION_FORMAT = dwarf;
				ENABLE_STRICT_OBJC_MSGSEND = YES;
				ENABLE_TESTABILITY = YES;
				GCC_C_LANGUAGE_STANDARD = gnu11;
				GCC_DYNAMIC_NO_PIC = NO;
				GCC_NO_COMMON_BLOCKS = YES;
				GCC_OPTIMIZATION_LEVEL = 0;
				GCC_PREPROCESSOR_DEFINITIONS = (
					"DEBUG=1",
					"$(inherited)",
				);
				GCC_WARN_64_TO_32_BIT_CONVERSION = YES;
				GCC_WARN_ABOUT_RETURN_TYPE = YES_ERROR;
				GCC_WARN_UNDECLARED_SELECTOR = YES;
				GCC_WARN_UNINITIALIZED_AUTOS = YES_AGGRESSIVE;
				GCC_WARN_UNUSED_FUNCTION = YES;
				GCC_WARN_UNUSED_VARIABLE = YES;
				IPHONEOS_DEPLOYMENT_TARGET = 14.5;
				MTL_ENABLE_DEBUG_INFO = INCLUDE_SOURCE;
				MTL_FAST_MATH = YES;
				ONLY_ACTIVE_ARCH = YES;
				SDKROOT = iphoneos;
				SWIFT_ACTIVE_COMPILATION_CONDITIONS = DEBUG;
				SWIFT_OPTIMIZATION_LEVEL = "-Onone";
			};
			name = Debug;
		};
		702731882684D5C000D0DED0 /* Release */ = {
			isa = XCBuildConfiguration;
			buildSettings = {
				ALWAYS_SEARCH_USER_PATHS = NO;
				CLANG_ANALYZER_NONNULL = YES;
				CLANG_ANALYZER_NUMBER_OBJECT_CONVERSION = YES_AGGRESSIVE;
				CLANG_CXX_LANGUAGE_STANDARD = "gnu++14";
				CLANG_CXX_LIBRARY = "libc++";
				CLANG_ENABLE_MODULES = YES;
				CLANG_ENABLE_OBJC_ARC = YES;
				CLANG_ENABLE_OBJC_WEAK = YES;
				CLANG_WARN_BLOCK_CAPTURE_AUTORELEASING = YES;
				CLANG_WARN_BOOL_CONVERSION = YES;
				CLANG_WARN_COMMA = YES;
				CLANG_WARN_CONSTANT_CONVERSION = YES;
				CLANG_WARN_DEPRECATED_OBJC_IMPLEMENTATIONS = YES;
				CLANG_WARN_DIRECT_OBJC_ISA_USAGE = YES_ERROR;
				CLANG_WARN_DOCUMENTATION_COMMENTS = YES;
				CLANG_WARN_EMPTY_BODY = YES;
				CLANG_WARN_ENUM_CONVERSION = YES;
				CLANG_WARN_INFINITE_RECURSION = YES;
				CLANG_WARN_INT_CONVERSION = YES;
				CLANG_WARN_NON_LITERAL_NULL_CONVERSION = YES;
				CLANG_WARN_OBJC_IMPLICIT_RETAIN_SELF = YES;
				CLANG_WARN_OBJC_LITERAL_CONVERSION = YES;
				CLANG_WARN_OBJC_ROOT_CLASS = YES_ERROR;
				CLANG_WARN_QUOTED_INCLUDE_IN_FRAMEWORK_HEADER = YES;
				CLANG_WARN_RANGE_LOOP_ANALYSIS = YES;
				CLANG_WARN_STRICT_PROTOTYPES = YES;
				CLANG_WARN_SUSPICIOUS_MOVE = YES;
				CLANG_WARN_UNGUARDED_AVAILABILITY = YES_AGGRESSIVE;
				CLANG_WARN_UNREACHABLE_CODE = YES;
				CLANG_WARN__DUPLICATE_METHOD_MATCH = YES;
				COPY_PHASE_STRIP = NO;
				DEBUG_INFORMATION_FORMAT = "dwarf-with-dsym";
				ENABLE_NS_ASSERTIONS = NO;
				ENABLE_STRICT_OBJC_MSGSEND = YES;
				GCC_C_LANGUAGE_STANDARD = gnu11;
				GCC_NO_COMMON_BLOCKS = YES;
				GCC_WARN_64_TO_32_BIT_CONVERSION = YES;
				GCC_WARN_ABOUT_RETURN_TYPE = YES_ERROR;
				GCC_WARN_UNDECLARED_SELECTOR = YES;
				GCC_WARN_UNINITIALIZED_AUTOS = YES_AGGRESSIVE;
				GCC_WARN_UNUSED_FUNCTION = YES;
				GCC_WARN_UNUSED_VARIABLE = YES;
				IPHONEOS_DEPLOYMENT_TARGET = 14.5;
				MTL_ENABLE_DEBUG_INFO = NO;
				MTL_FAST_MATH = YES;
				SDKROOT = iphoneos;
				SWIFT_COMPILATION_MODE = wholemodule;
				SWIFT_OPTIMIZATION_LEVEL = "-O";
				VALIDATE_PRODUCT = YES;
			};
			name = Release;
		};
		7027318A2684D5C000D0DED0 /* Debug */ = {
			isa = XCBuildConfiguration;
			buildSettings = {
				ASSETCATALOG_COMPILER_APPICON_NAME = AppIcon;
				ASSETCATALOG_COMPILER_GLOBAL_ACCENT_COLOR_NAME = AccentColor;
				CODE_SIGN_STYLE = Automatic;
				DEVELOPMENT_ASSET_PATHS = "\"Fructus/Preview Content\"";
				DEVELOPMENT_TEAM = 3SG8WAVD36;
				ENABLE_PREVIEWS = YES;
				INFOPLIST_FILE = Fructus/Info.plist;
				IPHONEOS_DEPLOYMENT_TARGET = 14.0;
				LD_RUNPATH_SEARCH_PATHS = (
					"$(inherited)",
					"@executable_path/Frameworks",
				);
				PRODUCT_BUNDLE_IDENTIFIER = com.enjoyingourlives.Fructus;
				PRODUCT_NAME = "$(TARGET_NAME)";
				SWIFT_VERSION = 5.0;
				TARGETED_DEVICE_FAMILY = "1,2";
			};
			name = Debug;
		};
		7027318B2684D5C000D0DED0 /* Release */ = {
			isa = XCBuildConfiguration;
			buildSettings = {
				ASSETCATALOG_COMPILER_APPICON_NAME = AppIcon;
				ASSETCATALOG_COMPILER_GLOBAL_ACCENT_COLOR_NAME = AccentColor;
				CODE_SIGN_STYLE = Automatic;
				DEVELOPMENT_ASSET_PATHS = "\"Fructus/Preview Content\"";
				DEVELOPMENT_TEAM = 3SG8WAVD36;
				ENABLE_PREVIEWS = YES;
				INFOPLIST_FILE = Fructus/Info.plist;
				IPHONEOS_DEPLOYMENT_TARGET = 14.0;
				LD_RUNPATH_SEARCH_PATHS = (
					"$(inherited)",
					"@executable_path/Frameworks",
				);
				PRODUCT_BUNDLE_IDENTIFIER = com.enjoyingourlives.Fructus;
				PRODUCT_NAME = "$(TARGET_NAME)";
				SWIFT_VERSION = 5.0;
				TARGETED_DEVICE_FAMILY = "1,2";
			};
			name = Release;
		};
/* End XCBuildConfiguration section */

/* Begin XCConfigurationList section */
		702731752684D5BE00D0DED0 /* Build configuration list for PBXProject "Fructus" */ = {
			isa = XCConfigurationList;
			buildConfigurations = (
				702731872684D5C000D0DED0 /* Debug */,
				702731882684D5C000D0DED0 /* Release */,
			);
			defaultConfigurationIsVisible = 0;
			defaultConfigurationName = Release;
		};
		702731892684D5C000D0DED0 /* Build configuration list for PBXNativeTarget "Fructus" */ = {
			isa = XCConfigurationList;
			buildConfigurations = (
				7027318A2684D5C000D0DED0 /* Debug */,
				7027318B2684D5C000D0DED0 /* Release */,
			);
			defaultConfigurationIsVisible = 0;
			defaultConfigurationName = Release;
		};
/* End XCConfigurationList section */
	};
	rootObject = 702731722684D5BE00D0DED0 /* Project object */;
}
